
Microsoft Visual Studio Solution File, Format Version 12.00
# Visual Studio Version 17
VisualStudioVersion = 17.7.34031.279
MinimumVisualStudioVersion = 10.0.40219.1
Project("{FAE04EC0-301F-11D3-BF4B-00C04F79EFBC}") = "gyakszika0109", "gyakszika0109\gyakszika0109.csproj", "{830BCEF5-66AF-4B74-87E4-B75840E21628}"
EndProject
Global
	GlobalSection(SolutionConfigurationPlatforms) = preSolution
		Debug|Any CPU = Debug|Any CPU
		Release|Any CPU = Release|Any CPU
	EndGlobalSection
	GlobalSection(ProjectConfigurationPlatforms) = postSolution
		{830BCEF5-66AF-4B74-87E4-B75840E21628}.Debug|Any CPU.ActiveCfg = Debug|Any CPU
		{830BCEF5-66AF-4B74-87E4-B75840E21628}.Debug|Any CPU.Build.0 = Debug|Any CPU
		{830BCEF5-66AF-4B74-87E4-B75840E21628}.Release|Any CPU.ActiveCfg = Release|Any CPU
		{830BCEF5-66AF-4B74-87E4-B75840E21628}.Release|Any CPU.Build.0 = Release|Any CPU
	EndGlobalSection
	GlobalSection(SolutionProperties) = preSolution
		HideSolutionNode = FALSE
	EndGlobalSection
	GlobalSection(ExtensibilityGlobals) = postSolution
		SolutionGuid = {8D49B590-58E9-414F-A491-6937A19AA6C0}
	EndGlobalSection
EndGlobal
