
Microsoft Visual Studio Solution File, Format Version 12.00
# Visual Studio Version 17
VisualStudioVersion = 17.7.34031.279
MinimumVisualStudioVersion = 10.0.40219.1
Project("{FAE04EC0-301F-11D3-BF4B-00C04F79EFBC}") = "valtoszam", "valtoszam\valtoszam.csproj", "{DF61A003-5466-4054-A6DA-894BAF6BBB79}"
EndProject
Global
	GlobalSection(SolutionConfigurationPlatforms) = preSolution
		Debug|Any CPU = Debug|Any CPU
		Release|Any CPU = Release|Any CPU
	EndGlobalSection
	GlobalSection(ProjectConfigurationPlatforms) = postSolution
		{DF61A003-5466-4054-A6DA-894BAF6BBB79}.Debug|Any CPU.ActiveCfg = Debug|Any CPU
		{DF61A003-5466-4054-A6DA-894BAF6BBB79}.Debug|Any CPU.Build.0 = Debug|Any CPU
		{DF61A003-5466-4054-A6DA-894BAF6BBB79}.Release|Any CPU.ActiveCfg = Release|Any CPU
		{DF61A003-5466-4054-A6DA-894BAF6BBB79}.Release|Any CPU.Build.0 = Release|Any CPU
	EndGlobalSection
	GlobalSection(SolutionProperties) = preSolution
		HideSolutionNode = FALSE
	EndGlobalSection
	GlobalSection(ExtensibilityGlobals) = postSolution
		SolutionGuid = {016FD476-3D74-4157-A27B-22F09FCE1074}
	EndGlobalSection
EndGlobal
