
Microsoft Visual Studio Solution File, Format Version 12.00
# Visual Studio Version 17
VisualStudioVersion = 17.7.34031.279
MinimumVisualStudioVersion = 10.0.40219.1
Project("{FAE04EC0-301F-11D3-BF4B-00C04F79EFBC}") = "helsinki1952", "helsinki1952\helsinki1952.csproj", "{A40CD816-36E1-41DA-A134-05D134ED8910}"
EndProject
Global
	GlobalSection(SolutionConfigurationPlatforms) = preSolution
		Debug|Any CPU = Debug|Any CPU
		Release|Any CPU = Release|Any CPU
	EndGlobalSection
	GlobalSection(ProjectConfigurationPlatforms) = postSolution
		{A40CD816-36E1-41DA-A134-05D134ED8910}.Debug|Any CPU.ActiveCfg = Debug|Any CPU
		{A40CD816-36E1-41DA-A134-05D134ED8910}.Debug|Any CPU.Build.0 = Debug|Any CPU
		{A40CD816-36E1-41DA-A134-05D134ED8910}.Release|Any CPU.ActiveCfg = Release|Any CPU
		{A40CD816-36E1-41DA-A134-05D134ED8910}.Release|Any CPU.Build.0 = Release|Any CPU
	EndGlobalSection
	GlobalSection(SolutionProperties) = preSolution
		HideSolutionNode = FALSE
	EndGlobalSection
	GlobalSection(ExtensibilityGlobals) = postSolution
		SolutionGuid = {B77291F0-0684-4085-84A7-83874B41BE36}
	EndGlobalSection
EndGlobal
