
Microsoft Visual Studio Solution File, Format Version 12.00
# Visual Studio Version 17
VisualStudioVersion = 17.7.34031.279
MinimumVisualStudioVersion = 10.0.40219.1
Project("{FAE04EC0-301F-11D3-BF4B-00C04F79EFBC}") = "WpfApp1", "WpfApp1\WpfApp1.csproj", "{A2189A2F-250E-4F18-BC10-87B86FDB6A4E}"
EndProject
Global
	GlobalSection(SolutionConfigurationPlatforms) = preSolution
		Debug|Any CPU = Debug|Any CPU
		Release|Any CPU = Release|Any CPU
	EndGlobalSection
	GlobalSection(ProjectConfigurationPlatforms) = postSolution
		{A2189A2F-250E-4F18-BC10-87B86FDB6A4E}.Debug|Any CPU.ActiveCfg = Debug|Any CPU
		{A2189A2F-250E-4F18-BC10-87B86FDB6A4E}.Debug|Any CPU.Build.0 = Debug|Any CPU
		{A2189A2F-250E-4F18-BC10-87B86FDB6A4E}.Release|Any CPU.ActiveCfg = Release|Any CPU
		{A2189A2F-250E-4F18-BC10-87B86FDB6A4E}.Release|Any CPU.Build.0 = Release|Any CPU
	EndGlobalSection
	GlobalSection(SolutionProperties) = preSolution
		HideSolutionNode = FALSE
	EndGlobalSection
	GlobalSection(ExtensibilityGlobals) = postSolution
		SolutionGuid = {5F2F0BF0-A49F-413A-834F-8CB9440A80FE}
	EndGlobalSection
EndGlobal
