
Microsoft Visual Studio Solution File, Format Version 12.00
# Visual Studio Version 17
VisualStudioVersion = 17.7.34031.279
MinimumVisualStudioVersion = 10.0.40219.1
Project("{FAE04EC0-301F-11D3-BF4B-00C04F79EFBC}") = "wpf0223", "wpf0223\wpf0223.csproj", "{6291670D-B562-4260-80F1-54E1B4D5C026}"
EndProject
Global
	GlobalSection(SolutionConfigurationPlatforms) = preSolution
		Debug|Any CPU = Debug|Any CPU
		Release|Any CPU = Release|Any CPU
	EndGlobalSection
	GlobalSection(ProjectConfigurationPlatforms) = postSolution
		{6291670D-B562-4260-80F1-54E1B4D5C026}.Debug|Any CPU.ActiveCfg = Debug|Any CPU
		{6291670D-B562-4260-80F1-54E1B4D5C026}.Debug|Any CPU.Build.0 = Debug|Any CPU
		{6291670D-B562-4260-80F1-54E1B4D5C026}.Release|Any CPU.ActiveCfg = Release|Any CPU
		{6291670D-B562-4260-80F1-54E1B4D5C026}.Release|Any CPU.Build.0 = Release|Any CPU
	EndGlobalSection
	GlobalSection(SolutionProperties) = preSolution
		HideSolutionNode = FALSE
	EndGlobalSection
	GlobalSection(ExtensibilityGlobals) = postSolution
		SolutionGuid = {342099C7-373C-4802-A9DA-2B4329A193C7}
	EndGlobalSection
EndGlobal
