
Microsoft Visual Studio Solution File, Format Version 12.00
# Visual Studio Version 17
VisualStudioVersion = 17.7.34031.279
MinimumVisualStudioVersion = 10.0.40219.1
Project("{FAE04EC0-301F-11D3-BF4B-00C04F79EFBC}") = "gyakorlas1013", "gyakorlas1013\gyakorlas1013.csproj", "{5D9BEE20-2CD5-4EB3-A6C5-544869B80062}"
EndProject
Global
	GlobalSection(SolutionConfigurationPlatforms) = preSolution
		Debug|Any CPU = Debug|Any CPU
		Release|Any CPU = Release|Any CPU
	EndGlobalSection
	GlobalSection(ProjectConfigurationPlatforms) = postSolution
		{5D9BEE20-2CD5-4EB3-A6C5-544869B80062}.Debug|Any CPU.ActiveCfg = Debug|Any CPU
		{5D9BEE20-2CD5-4EB3-A6C5-544869B80062}.Debug|Any CPU.Build.0 = Debug|Any CPU
		{5D9BEE20-2CD5-4EB3-A6C5-544869B80062}.Release|Any CPU.ActiveCfg = Release|Any CPU
		{5D9BEE20-2CD5-4EB3-A6C5-544869B80062}.Release|Any CPU.Build.0 = Release|Any CPU
	EndGlobalSection
	GlobalSection(SolutionProperties) = preSolution
		HideSolutionNode = FALSE
	EndGlobalSection
	GlobalSection(ExtensibilityGlobals) = postSolution
		SolutionGuid = {943161F3-5FC2-469B-AD27-18A16EE3BEE8}
	EndGlobalSection
EndGlobal
