
Microsoft Visual Studio Solution File, Format Version 12.00
# Visual Studio Version 17
VisualStudioVersion = 17.7.34031.279
MinimumVisualStudioVersion = 10.0.40219.1
Project("{FAE04EC0-301F-11D3-BF4B-00C04F79EFBC}") = "tombok", "tombok\tombok.csproj", "{CC1F45A0-A955-4EB5-8077-323FD257A575}"
EndProject
Global
	GlobalSection(SolutionConfigurationPlatforms) = preSolution
		Debug|Any CPU = Debug|Any CPU
		Release|Any CPU = Release|Any CPU
	EndGlobalSection
	GlobalSection(ProjectConfigurationPlatforms) = postSolution
		{CC1F45A0-A955-4EB5-8077-323FD257A575}.Debug|Any CPU.ActiveCfg = Debug|Any CPU
		{CC1F45A0-A955-4EB5-8077-323FD257A575}.Debug|Any CPU.Build.0 = Debug|Any CPU
		{CC1F45A0-A955-4EB5-8077-323FD257A575}.Release|Any CPU.ActiveCfg = Release|Any CPU
		{CC1F45A0-A955-4EB5-8077-323FD257A575}.Release|Any CPU.Build.0 = Release|Any CPU
	EndGlobalSection
	GlobalSection(SolutionProperties) = preSolution
		HideSolutionNode = FALSE
	EndGlobalSection
	GlobalSection(ExtensibilityGlobals) = postSolution
		SolutionGuid = {66542C54-D5D1-4422-BADB-73E691E79326}
	EndGlobalSection
EndGlobal
